
Microsoft Visual Studio Solution File, Format Version 12.00
# Visual Studio Version 17
VisualStudioVersion = 17.0.31903.59
MinimumVisualStudioVersion = 10.0.40219.1
Project("{2150E333-8FDC-42A3-9474-1A3956D46DE8}") = "koding", "koding", "{AAC4B8AC-D8F3-43D6-AAF5-AAC3047C82CC}"
EndProject
Project("{2150E333-8FDC-42A3-9474-1A3956D46DE8}") = "dot_net", "dot_net", "{987D64CC-C2D4-46CF-9145-EF785E6746AA}"
EndProject
Project("{2150E333-8FDC-42A3-9474-1A3956D46DE8}") = "ConsoleApp", "ConsoleApp", "{E83601C9-A265-4483-977D-95B8E63E51FB}"
EndProject
Project("{FAE04EC0-301F-11D3-BF4B-00C04F79EFBC}") = "ConsoleApp", "koding\dot_net\ConsoleApp\ConsoleApp\ConsoleApp.csproj", "{C136B04C-5D9F-440F-B841-765FF0B18DC2}"
EndProject
Global
	GlobalSection(SolutionConfigurationPlatforms) = preSolution
		Debug|Any CPU = Debug|Any CPU
		Release|Any CPU = Release|Any CPU
	EndGlobalSection
	GlobalSection(SolutionProperties) = preSolution
		HideSolutionNode = FALSE
	EndGlobalSection
	GlobalSection(ProjectConfigurationPlatforms) = postSolution
		{C136B04C-5D9F-440F-B841-765FF0B18DC2}.Debug|Any CPU.ActiveCfg = Debug|Any CPU
		{C136B04C-5D9F-440F-B841-765FF0B18DC2}.Debug|Any CPU.Build.0 = Debug|Any CPU
		{C136B04C-5D9F-440F-B841-765FF0B18DC2}.Release|Any CPU.ActiveCfg = Release|Any CPU
		{C136B04C-5D9F-440F-B841-765FF0B18DC2}.Release|Any CPU.Build.0 = Release|Any CPU
	EndGlobalSection
	GlobalSection(NestedProjects) = preSolution
		{987D64CC-C2D4-46CF-9145-EF785E6746AA} = {AAC4B8AC-D8F3-43D6-AAF5-AAC3047C82CC}
		{E83601C9-A265-4483-977D-95B8E63E51FB} = {987D64CC-C2D4-46CF-9145-EF785E6746AA}
		{C136B04C-5D9F-440F-B841-765FF0B18DC2} = {E83601C9-A265-4483-977D-95B8E63E51FB}
	EndGlobalSection
EndGlobal
