
Microsoft Visual Studio Solution File, Format Version 12.00
# Visual Studio Version 17
VisualStudioVersion = 17.0.31903.59
MinimumVisualStudioVersion = 10.0.40219.1
Project("{2150E333-8FDC-42A3-9474-1A3956D46DE8}") = "koding", "koding", "{156FDA6E-F70A-4D35-BB51-A2EE25B04E30}"
EndProject
Project("{2150E333-8FDC-42A3-9474-1A3956D46DE8}") = "dot_net", "dot_net", "{9B4B9C0E-BC1A-4DA8-8EE8-760D88D341E0}"
EndProject
Project("{FAE04EC0-301F-11D3-BF4B-00C04F79EFBC}") = "ConsoleApp", "koding\dot_net\ConsoleApp\ConsoleApp.csproj", "{25D78EAA-853A-40FA-89FA-F59BB016686F}"
EndProject
Global
	GlobalSection(SolutionConfigurationPlatforms) = preSolution
		Debug|Any CPU = Debug|Any CPU
		Release|Any CPU = Release|Any CPU
	EndGlobalSection
	GlobalSection(SolutionProperties) = preSolution
		HideSolutionNode = FALSE
	EndGlobalSection
	GlobalSection(ProjectConfigurationPlatforms) = postSolution
		{25D78EAA-853A-40FA-89FA-F59BB016686F}.Debug|Any CPU.ActiveCfg = Debug|Any CPU
		{25D78EAA-853A-40FA-89FA-F59BB016686F}.Debug|Any CPU.Build.0 = Debug|Any CPU
		{25D78EAA-853A-40FA-89FA-F59BB016686F}.Release|Any CPU.ActiveCfg = Release|Any CPU
		{25D78EAA-853A-40FA-89FA-F59BB016686F}.Release|Any CPU.Build.0 = Release|Any CPU
		{35DD5633-1060-4DCC-9BE9-DAE3E2B168CF}.Debug|Any CPU.ActiveCfg = Debug|Any CPU
		{35DD5633-1060-4DCC-9BE9-DAE3E2B168CF}.Debug|Any CPU.Build.0 = Debug|Any CPU
		{35DD5633-1060-4DCC-9BE9-DAE3E2B168CF}.Release|Any CPU.ActiveCfg = Release|Any CPU
		{35DD5633-1060-4DCC-9BE9-DAE3E2B168CF}.Release|Any CPU.Build.0 = Release|Any CPU
	EndGlobalSection
	GlobalSection(NestedProjects) = preSolution
		{9B4B9C0E-BC1A-4DA8-8EE8-760D88D341E0} = {156FDA6E-F70A-4D35-BB51-A2EE25B04E30}
		{25D78EAA-853A-40FA-89FA-F59BB016686F} = {9B4B9C0E-BC1A-4DA8-8EE8-760D88D341E0}
		{35DD5633-1060-4DCC-9BE9-DAE3E2B168CF} = {9B4B9C0E-BC1A-4DA8-8EE8-760D88D341E0}
	EndGlobalSection
EndGlobal
