
Microsoft Visual Studio Solution File, Format Version 12.00
# Visual Studio Version 17
VisualStudioVersion = 17.0.31903.59
MinimumVisualStudioVersion = 10.0.40219.1
Project("{2150E333-8FDC-42A3-9474-1A3956D46DE8}") = "koding", "koding", "{970498B3-4CE3-4CF6-9166-2019A2652F87}"
EndProject
Project("{2150E333-8FDC-42A3-9474-1A3956D46DE8}") = "dot_net", "dot_net", "{27C68457-2D0D-412F-AEB7-D76DF0E92F1A}"
EndProject
Project("{FAE04EC0-301F-11D3-BF4B-00C04F79EFBC}") = "ConsoleApp", "koding\dot_net\ConsoleApp\ConsoleApp.csproj", "{35A9A877-7CF9-4703-9504-C4F4C453C88E}"
EndProject
Global
	GlobalSection(SolutionConfigurationPlatforms) = preSolution
		Debug|Any CPU = Debug|Any CPU
		Release|Any CPU = Release|Any CPU
	EndGlobalSection
	GlobalSection(SolutionProperties) = preSolution
		HideSolutionNode = FALSE
	EndGlobalSection
	GlobalSection(ProjectConfigurationPlatforms) = postSolution
		{35A9A877-7CF9-4703-9504-C4F4C453C88E}.Debug|Any CPU.ActiveCfg = Debug|Any CPU
		{35A9A877-7CF9-4703-9504-C4F4C453C88E}.Debug|Any CPU.Build.0 = Debug|Any CPU
		{35A9A877-7CF9-4703-9504-C4F4C453C88E}.Release|Any CPU.ActiveCfg = Release|Any CPU
		{35A9A877-7CF9-4703-9504-C4F4C453C88E}.Release|Any CPU.Build.0 = Release|Any CPU
	EndGlobalSection
	GlobalSection(NestedProjects) = preSolution
		{27C68457-2D0D-412F-AEB7-D76DF0E92F1A} = {970498B3-4CE3-4CF6-9166-2019A2652F87}
		{35A9A877-7CF9-4703-9504-C4F4C453C88E} = {27C68457-2D0D-412F-AEB7-D76DF0E92F1A}
	EndGlobalSection
EndGlobal
